
Microsoft Visual Studio Solution File, Format Version 12.00
# Visual Studio Version 17
VisualStudioVersion = 17.0.32112.339
MinimumVisualStudioVersion = 10.0.40219.1
Project("{2150E333-8FDC-42A3-9474-1A3956D46DE8}") = "Common", "Common", "{7845C720-7666-4CFC-BA13-27545F4B8BFB}"
EndProject
Project("{2150E333-8FDC-42A3-9474-1A3956D46DE8}") = "Data", "Data", "{C5050484-DD2E-4F82-BF3A-217AFCA8807E}"
EndProject
Project("{2150E333-8FDC-42A3-9474-1A3956D46DE8}") = "Services", "Services", "{8135AA68-D567-40F8-AD2C-DC9019F9A1E3}"
EndProject
Project("{2150E333-8FDC-42A3-9474-1A3956D46DE8}") = "Tests", "Tests", "{EBF9D98F-7EA0-4C1B-B190-F51FD27A97EE}"
EndProject
Project("{9A19103F-16F7-4668-BE54-9A1E7A4F7556}") = "PurchDep.Domain", "Common\PurchDep.Domain\PurchDep.Domain.csproj", "{390357F0-24C6-43B2-8538-BE1F22142234}"
EndProject
Project("{9A19103F-16F7-4668-BE54-9A1E7A4F7556}") = "PurchDep.Domain.Base", "Common\PurchDep.Domain.Base\PurchDep.Domain.Base.csproj", "{9EF5BF1E-ADA2-4E64-AD47-5EB5BE9C8754}"
EndProject
Project("{9A19103F-16F7-4668-BE54-9A1E7A4F7556}") = "PurchDep.Dal", "Data\PurchDep.Dal\PurchDep.Dal.csproj", "{121BDED7-460D-4761-855D-39DB510F3567}"
EndProject
Project("{9A19103F-16F7-4668-BE54-9A1E7A4F7556}") = "PurchDep.Interfaces", "Services\PurchDep.Interfaces\PurchDep.Interfaces.csproj", "{3467471C-44BA-4FC3-B0C6-507A5F59BA9A}"
EndProject
Project("{9A19103F-16F7-4668-BE54-9A1E7A4F7556}") = "PurchDep.Interfaces.Base", "Services\PurchDep.Interfaces.Base\PurchDep.Interfaces.Base.csproj", "{FBAF3829-9F6B-4BF8-91FA-0677508AA6B2}"
EndProject
Project("{9A19103F-16F7-4668-BE54-9A1E7A4F7556}") = "PurchDep.Dal.InMemory", "Data\PurchDep.Dal.InMemory\PurchDep.Dal.InMemory.csproj", "{D63B0714-8C0C-4E45-8E4C-42F06D19AFF6}"
EndProject
Project("{9A19103F-16F7-4668-BE54-9A1E7A4F7556}") = "Data.PurchDep.Dal.Tests", "Tests\Data.PurchDep.Dal.Tests\Data.PurchDep.Dal.Tests.csproj", "{E2ADAFE7-1AF1-4AB7-8106-BB47AEDAF7E8}"
EndProject
Project("{9A19103F-16F7-4668-BE54-9A1E7A4F7556}") = "Common.PurchDep.Domain.Tests", "Tests\Common.PurchDep.Domain.Tests\Common.PurchDep.Domain.Tests.csproj", "{8609E323-0D53-4078-B593-88885B6BDD22}"
EndProject
Project("{9A19103F-16F7-4668-BE54-9A1E7A4F7556}") = "Services.PurchDep.Interfaces.Tests", "Tests\Services.PurchDep.Interfaces.Tests\Services.PurchDep.Interfaces.Tests.csproj", "{6E7F2EBA-4DF8-47F3-A922-A55682FD62F4}"
EndProject
Project("{9A19103F-16F7-4668-BE54-9A1E7A4F7556}") = "PurchDep.WebApi", "Services\PurchDep.WebApi\PurchDep.WebApi.csproj", "{6AED312E-525C-4BCD-8F1E-AAFD1B06C877}"
EndProject
Project("{2150E333-8FDC-42A3-9474-1A3956D46DE8}") = "Services", "Services", "{262DBAC1-F7E6-482B-95C3-837BDBFA6DB5}"
EndProject
Project("{2150E333-8FDC-42A3-9474-1A3956D46DE8}") = "Common", "Common", "{3B9F71F6-2506-44FE-B860-3D741D888EFD}"
EndProject
Project("{2150E333-8FDC-42A3-9474-1A3956D46DE8}") = "Data", "Data", "{5E170A89-C65D-4ED7-86A9-5119BA8DCD72}"
EndProject
Project("{FAE04EC0-301F-11D3-BF4B-00C04F79EFBC}") = "PurchDep.WebApi.Tests", "Tests\Services\PurchDep.WebApi.Tests\PurchDep.WebApi.Tests.csproj", "{9E72E18F-E9D8-46EF-A2DD-5C13D9B7E88A}"
EndProject
Global
	GlobalSection(SolutionConfigurationPlatforms) = preSolution
		Debug|Any CPU = Debug|Any CPU
		Release|Any CPU = Release|Any CPU
	EndGlobalSection
	GlobalSection(ProjectConfigurationPlatforms) = postSolution
		{390357F0-24C6-43B2-8538-BE1F22142234}.Debug|Any CPU.ActiveCfg = Debug|Any CPU
		{390357F0-24C6-43B2-8538-BE1F22142234}.Debug|Any CPU.Build.0 = Debug|Any CPU
		{390357F0-24C6-43B2-8538-BE1F22142234}.Release|Any CPU.ActiveCfg = Release|Any CPU
		{390357F0-24C6-43B2-8538-BE1F22142234}.Release|Any CPU.Build.0 = Release|Any CPU
		{9EF5BF1E-ADA2-4E64-AD47-5EB5BE9C8754}.Debug|Any CPU.ActiveCfg = Debug|Any CPU
		{9EF5BF1E-ADA2-4E64-AD47-5EB5BE9C8754}.Debug|Any CPU.Build.0 = Debug|Any CPU
		{9EF5BF1E-ADA2-4E64-AD47-5EB5BE9C8754}.Release|Any CPU.ActiveCfg = Release|Any CPU
		{9EF5BF1E-ADA2-4E64-AD47-5EB5BE9C8754}.Release|Any CPU.Build.0 = Release|Any CPU
		{121BDED7-460D-4761-855D-39DB510F3567}.Debug|Any CPU.ActiveCfg = Debug|Any CPU
		{121BDED7-460D-4761-855D-39DB510F3567}.Debug|Any CPU.Build.0 = Debug|Any CPU
		{121BDED7-460D-4761-855D-39DB510F3567}.Release|Any CPU.ActiveCfg = Release|Any CPU
		{121BDED7-460D-4761-855D-39DB510F3567}.Release|Any CPU.Build.0 = Release|Any CPU
		{3467471C-44BA-4FC3-B0C6-507A5F59BA9A}.Debug|Any CPU.ActiveCfg = Debug|Any CPU
		{3467471C-44BA-4FC3-B0C6-507A5F59BA9A}.Debug|Any CPU.Build.0 = Debug|Any CPU
		{3467471C-44BA-4FC3-B0C6-507A5F59BA9A}.Release|Any CPU.ActiveCfg = Release|Any CPU
		{3467471C-44BA-4FC3-B0C6-507A5F59BA9A}.Release|Any CPU.Build.0 = Release|Any CPU
		{FBAF3829-9F6B-4BF8-91FA-0677508AA6B2}.Debug|Any CPU.ActiveCfg = Debug|Any CPU
		{FBAF3829-9F6B-4BF8-91FA-0677508AA6B2}.Debug|Any CPU.Build.0 = Debug|Any CPU
		{FBAF3829-9F6B-4BF8-91FA-0677508AA6B2}.Release|Any CPU.ActiveCfg = Release|Any CPU
		{FBAF3829-9F6B-4BF8-91FA-0677508AA6B2}.Release|Any CPU.Build.0 = Release|Any CPU
		{D63B0714-8C0C-4E45-8E4C-42F06D19AFF6}.Debug|Any CPU.ActiveCfg = Debug|Any CPU
		{D63B0714-8C0C-4E45-8E4C-42F06D19AFF6}.Debug|Any CPU.Build.0 = Debug|Any CPU
		{D63B0714-8C0C-4E45-8E4C-42F06D19AFF6}.Release|Any CPU.ActiveCfg = Release|Any CPU
		{D63B0714-8C0C-4E45-8E4C-42F06D19AFF6}.Release|Any CPU.Build.0 = Release|Any CPU
		{E2ADAFE7-1AF1-4AB7-8106-BB47AEDAF7E8}.Debug|Any CPU.ActiveCfg = Debug|Any CPU
		{E2ADAFE7-1AF1-4AB7-8106-BB47AEDAF7E8}.Debug|Any CPU.Build.0 = Debug|Any CPU
		{E2ADAFE7-1AF1-4AB7-8106-BB47AEDAF7E8}.Release|Any CPU.ActiveCfg = Release|Any CPU
		{E2ADAFE7-1AF1-4AB7-8106-BB47AEDAF7E8}.Release|Any CPU.Build.0 = Release|Any CPU
		{8609E323-0D53-4078-B593-88885B6BDD22}.Debug|Any CPU.ActiveCfg = Debug|Any CPU
		{8609E323-0D53-4078-B593-88885B6BDD22}.Debug|Any CPU.Build.0 = Debug|Any CPU
		{8609E323-0D53-4078-B593-88885B6BDD22}.Release|Any CPU.ActiveCfg = Release|Any CPU
		{8609E323-0D53-4078-B593-88885B6BDD22}.Release|Any CPU.Build.0 = Release|Any CPU
		{6E7F2EBA-4DF8-47F3-A922-A55682FD62F4}.Debug|Any CPU.ActiveCfg = Debug|Any CPU
		{6E7F2EBA-4DF8-47F3-A922-A55682FD62F4}.Debug|Any CPU.Build.0 = Debug|Any CPU
		{6E7F2EBA-4DF8-47F3-A922-A55682FD62F4}.Release|Any CPU.ActiveCfg = Release|Any CPU
		{6E7F2EBA-4DF8-47F3-A922-A55682FD62F4}.Release|Any CPU.Build.0 = Release|Any CPU
		{6AED312E-525C-4BCD-8F1E-AAFD1B06C877}.Debug|Any CPU.ActiveCfg = Debug|Any CPU
		{6AED312E-525C-4BCD-8F1E-AAFD1B06C877}.Debug|Any CPU.Build.0 = Debug|Any CPU
		{6AED312E-525C-4BCD-8F1E-AAFD1B06C877}.Release|Any CPU.ActiveCfg = Release|Any CPU
		{6AED312E-525C-4BCD-8F1E-AAFD1B06C877}.Release|Any CPU.Build.0 = Release|Any CPU
		{9E72E18F-E9D8-46EF-A2DD-5C13D9B7E88A}.Debug|Any CPU.ActiveCfg = Debug|Any CPU
		{9E72E18F-E9D8-46EF-A2DD-5C13D9B7E88A}.Debug|Any CPU.Build.0 = Debug|Any CPU
		{9E72E18F-E9D8-46EF-A2DD-5C13D9B7E88A}.Release|Any CPU.ActiveCfg = Release|Any CPU
		{9E72E18F-E9D8-46EF-A2DD-5C13D9B7E88A}.Release|Any CPU.Build.0 = Release|Any CPU
	EndGlobalSection
	GlobalSection(SolutionProperties) = preSolution
		HideSolutionNode = FALSE
	EndGlobalSection
	GlobalSection(NestedProjects) = preSolution
		{390357F0-24C6-43B2-8538-BE1F22142234} = {7845C720-7666-4CFC-BA13-27545F4B8BFB}
		{9EF5BF1E-ADA2-4E64-AD47-5EB5BE9C8754} = {7845C720-7666-4CFC-BA13-27545F4B8BFB}
		{121BDED7-460D-4761-855D-39DB510F3567} = {C5050484-DD2E-4F82-BF3A-217AFCA8807E}
		{3467471C-44BA-4FC3-B0C6-507A5F59BA9A} = {8135AA68-D567-40F8-AD2C-DC9019F9A1E3}
		{FBAF3829-9F6B-4BF8-91FA-0677508AA6B2} = {8135AA68-D567-40F8-AD2C-DC9019F9A1E3}
		{D63B0714-8C0C-4E45-8E4C-42F06D19AFF6} = {C5050484-DD2E-4F82-BF3A-217AFCA8807E}
		{E2ADAFE7-1AF1-4AB7-8106-BB47AEDAF7E8} = {EBF9D98F-7EA0-4C1B-B190-F51FD27A97EE}
		{8609E323-0D53-4078-B593-88885B6BDD22} = {EBF9D98F-7EA0-4C1B-B190-F51FD27A97EE}
		{6E7F2EBA-4DF8-47F3-A922-A55682FD62F4} = {EBF9D98F-7EA0-4C1B-B190-F51FD27A97EE}
		{6AED312E-525C-4BCD-8F1E-AAFD1B06C877} = {8135AA68-D567-40F8-AD2C-DC9019F9A1E3}
		{262DBAC1-F7E6-482B-95C3-837BDBFA6DB5} = {EBF9D98F-7EA0-4C1B-B190-F51FD27A97EE}
		{3B9F71F6-2506-44FE-B860-3D741D888EFD} = {EBF9D98F-7EA0-4C1B-B190-F51FD27A97EE}
		{5E170A89-C65D-4ED7-86A9-5119BA8DCD72} = {EBF9D98F-7EA0-4C1B-B190-F51FD27A97EE}
		{9E72E18F-E9D8-46EF-A2DD-5C13D9B7E88A} = {262DBAC1-F7E6-482B-95C3-837BDBFA6DB5}
	EndGlobalSection
	GlobalSection(ExtensibilityGlobals) = postSolution
		SolutionGuid = {958A7E9E-1340-4570-A573-28B52DF03816}
	EndGlobalSection
EndGlobal
